
Microsoft Visual Studio Solution File, Format Version 12.00
# Visual Studio Version 17
VisualStudioVersion = 17.12.35527.113 d17.12
MinimumVisualStudioVersion = 10.0.40219.1
Project("{FAE04EC0-301F-11D3-BF4B-00C04F79EFBC}") = "ProgrammModules", "ProgrammModules\ProgrammModules.csproj", "{D1087C15-F778-42B5-B6D5-FCCE049AB92B}"
EndProject
Global
	GlobalSection(SolutionConfigurationPlatforms) = preSolution
		Debug|Any CPU = Debug|Any CPU
		Release|Any CPU = Release|Any CPU
	EndGlobalSection
	GlobalSection(ProjectConfigurationPlatforms) = postSolution
		{D1087C15-F778-42B5-B6D5-FCCE049AB92B}.Debug|Any CPU.ActiveCfg = Debug|Any CPU
		{D1087C15-F778-42B5-B6D5-FCCE049AB92B}.Debug|Any CPU.Build.0 = Debug|Any CPU
		{D1087C15-F778-42B5-B6D5-FCCE049AB92B}.Release|Any CPU.ActiveCfg = Release|Any CPU
		{D1087C15-F778-42B5-B6D5-FCCE049AB92B}.Release|Any CPU.Build.0 = Release|Any CPU
	EndGlobalSection
	GlobalSection(SolutionProperties) = preSolution
		HideSolutionNode = FALSE
	EndGlobalSection
EndGlobal
